// !$*UTF8*$!
{
	archiveVersion = 1;
	classes = {
	};
	objectVersion = 56;
	objects = {

/* Begin PBXBuildFile section */
		634C43672A17DD8D009E46ED /* AppDelegate.swift in Sources */ = {isa = PBXBuildFile; fileRef = 634C43662A17DD8D009E46ED /* AppDelegate.swift */; };
		634C436B2A17DD8D009E46ED /* LoginViewController.swift in Sources */ = {isa = PBXBuildFile; fileRef = 634C436A2A17DD8D009E46ED /* LoginViewController.swift */; };
		634C43702A17DD8E009E46ED /* Assets.xcassets in Resources */ = {isa = PBXBuildFile; fileRef = 634C436F2A17DD8E009E46ED /* Assets.xcassets */; };
		634C43732A17DD8E009E46ED /* LaunchScreen.storyboard in Resources */ = {isa = PBXBuildFile; fileRef = 634C43712A17DD8E009E46ED /* LaunchScreen.storyboard */; };
		634C437D2A194996009E46ED /* LoginView.swift in Sources */ = {isa = PBXBuildFile; fileRef = 634C437C2A194996009E46ED /* LoginView.swift */; };
		63BA175B2A1CF42D0035EE18 /* OnboardingContainerVC.swift in Sources */ = {isa = PBXBuildFile; fileRef = 63BA175A2A1CF42D0035EE18 /* OnboardingContainerVC.swift */; };
		63BA175F2A1D69F00035EE18 /* OnboardingVC.swift in Sources */ = {isa = PBXBuildFile; fileRef = 63BA175E2A1D69F00035EE18 /* OnboardingVC.swift */; };
/* End PBXBuildFile section */

/* Begin PBXFileReference section */
		634C43632A17DD8D009E46ED /* BankeyApp.app */ = {isa = PBXFileReference; explicitFileType = wrapper.application; includeInIndex = 0; path = BankeyApp.app; sourceTree = BUILT_PRODUCTS_DIR; };
		634C43662A17DD8D009E46ED /* AppDelegate.swift */ = {isa = PBXFileReference; lastKnownFileType = sourcecode.swift; path = AppDelegate.swift; sourceTree = "<group>"; };
		634C436A2A17DD8D009E46ED /* LoginViewController.swift */ = {isa = PBXFileReference; lastKnownFileType = sourcecode.swift; path = LoginViewController.swift; sourceTree = "<group>"; };
		634C436F2A17DD8E009E46ED /* Assets.xcassets */ = {isa = PBXFileReference; lastKnownFileType = folder.assetcatalog; path = Assets.xcassets; sourceTree = "<group>"; };
		634C43722A17DD8E009E46ED /* Base */ = {isa = PBXFileReference; lastKnownFileType = file.storyboard; name = Base; path = Base.lproj/LaunchScreen.storyboard; sourceTree = "<group>"; };
		634C43742A17DD8E009E46ED /* Info.plist */ = {isa = PBXFileReference; lastKnownFileType = text.plist.xml; path = Info.plist; sourceTree = "<group>"; };
		634C437C2A194996009E46ED /* LoginView.swift */ = {isa = PBXFileReference; lastKnownFileType = sourcecode.swift; path = LoginView.swift; sourceTree = "<group>"; };
		63BA175A2A1CF42D0035EE18 /* OnboardingContainerVC.swift */ = {isa = PBXFileReference; lastKnownFileType = sourcecode.swift; path = OnboardingContainerVC.swift; sourceTree = "<group>"; };
		63BA175E2A1D69F00035EE18 /* OnboardingVC.swift */ = {isa = PBXFileReference; lastKnownFileType = sourcecode.swift; path = OnboardingVC.swift; sourceTree = "<group>"; };
/* End PBXFileReference section */

/* Begin PBXFrameworksBuildPhase section */
		634C43602A17DD8D009E46ED /* Frameworks */ = {
			isa = PBXFrameworksBuildPhase;
			buildActionMask = 2147483647;
			files = (
			);
			runOnlyForDeploymentPostprocessing = 0;
		};
/* End PBXFrameworksBuildPhase section */

/* Begin PBXGroup section */
		634C435A2A17DD8D009E46ED = {
			isa = PBXGroup;
			children = (
				634C43652A17DD8D009E46ED /* BankeyApp */,
				634C43642A17DD8D009E46ED /* Products */,
			);
			sourceTree = "<group>";
		};
		634C43642A17DD8D009E46ED /* Products */ = {
			isa = PBXGroup;
			children = (
				634C43632A17DD8D009E46ED /* BankeyApp.app */,
			);
			name = Products;
			sourceTree = "<group>";
		};
		634C43652A17DD8D009E46ED /* BankeyApp */ = {
			isa = PBXGroup;
			children = (
				634C43662A17DD8D009E46ED /* AppDelegate.swift */,
				634C437A2A1948A2009E46ED /* Files */,
				634C437B2A19495C009E46ED /* Login */,
				63BA17592A1CF3980035EE18 /* OnBoarding */,
			);
			path = BankeyApp;
			sourceTree = "<group>";
		};
		634C437A2A1948A2009E46ED /* Files */ = {
			isa = PBXGroup;
			children = (
				634C436F2A17DD8E009E46ED /* Assets.xcassets */,
				634C43712A17DD8E009E46ED /* LaunchScreen.storyboard */,
				634C43742A17DD8E009E46ED /* Info.plist */,
			);
			name = Files;
			sourceTree = "<group>";
		};
		634C437B2A19495C009E46ED /* Login */ = {
			isa = PBXGroup;
			children = (
				634C436A2A17DD8D009E46ED /* LoginViewController.swift */,
				634C437C2A194996009E46ED /* LoginView.swift */,
			);
			name = Login;
			sourceTree = "<group>";
		};
		63BA17592A1CF3980035EE18 /* OnBoarding */ = {
			isa = PBXGroup;
			children = (
				63BA175A2A1CF42D0035EE18 /* OnboardingContainerVC.swift */,
				63BA175E2A1D69F00035EE18 /* OnboardingVC.swift */,
			);
			name = OnBoarding;
			sourceTree = "<group>";
		};
/* End PBXGroup section */

/* Begin PBXNativeTarget section */
		634C43622A17DD8D009E46ED /* BankeyApp */ = {
			isa = PBXNativeTarget;
			buildConfigurationList = 634C43772A17DD8E009E46ED /* Build configuration list for PBXNativeTarget "BankeyApp" */;
			buildPhases = (
				634C435F2A17DD8D009E46ED /* Sources */,
				634C43602A17DD8D009E46ED /* Frameworks */,
				634C43612A17DD8D009E46ED /* Resources */,
			);
			buildRules = (
			);
			dependencies = (
			);
			name = BankeyApp;
			productName = BankeyApp;
			productReference = 634C43632A17DD8D009E46ED /* BankeyApp.app */;
			productType = "com.apple.product-type.application";
		};
/* End PBXNativeTarget section */

/* Begin PBXProject section */
		634C435B2A17DD8D009E46ED /* Project object */ = {
			isa = PBXProject;
			attributes = {
				BuildIndependentTargetsInParallel = 1;
				LastSwiftUpdateCheck = 1430;
				LastUpgradeCheck = 1430;
				TargetAttributes = {
					634C43622A17DD8D009E46ED = {
						CreatedOnToolsVersion = 14.3;
					};
				};
			};
			buildConfigurationList = 634C435E2A17DD8D009E46ED /* Build configuration list for PBXProject "BankeyApp" */;
			compatibilityVersion = "Xcode 14.0";
			developmentRegion = en;
			hasScannedForEncodings = 0;
			knownRegions = (
				en,
				Base,
			);
			mainGroup = 634C435A2A17DD8D009E46ED;
			productRefGroup = 634C43642A17DD8D009E46ED /* Products */;
			projectDirPath = "";
			projectRoot = "";
			targets = (
				634C43622A17DD8D009E46ED /* BankeyApp */,
			);
		};
/* End PBXProject section */

/* Begin PBXResourcesBuildPhase section */
		634C43612A17DD8D009E46ED /* Resources */ = {
			isa = PBXResourcesBuildPhase;
			buildActionMask = 2147483647;
			files = (
				634C43732A17DD8E009E46ED /* LaunchScreen.storyboard in Resources */,
				634C43702A17DD8E009E46ED /* Assets.xcassets in Resources */,
			);
			runOnlyForDeploymentPostprocessing = 0;
		};
/* End PBXResourcesBuildPhase section */

/* Begin PBXSourcesBuildPhase section */
		634C435F2A17DD8D009E46ED /* Sources */ = {
			isa = PBXSourcesBuildPhase;
			buildActionMask = 2147483647;
			files = (
				634C437D2A194996009E46ED /* LoginView.swift in Sources */,
				63BA175B2A1CF42D0035EE18 /* OnboardingContainerVC.swift in Sources */,
				63BA175F2A1D69F00035EE18 /* OnboardingVC.swift in Sources */,
				634C436B2A17DD8D009E46ED /* LoginViewController.swift in Sources */,
				634C43672A17DD8D009E46ED /* AppDelegate.swift in Sources */,
			);
			runOnlyForDeploymentPostprocessing = 0;
		};
/* End PBXSourcesBuildPhase section */

/* Begin PBXVariantGroup section */
		634C43712A17DD8E009E46ED /* LaunchScreen.storyboard */ = {
			isa = PBXVariantGroup;
			children = (
				634C43722A17DD8E009E46ED /* Base */,
			);
			name = LaunchScreen.storyboard;
			sourceTree = "<group>";
		};
/* End PBXVariantGroup section */

/* Begin XCBuildConfiguration section */
		634C43752A17DD8E009E46ED /* Debug */ = {
			isa = XCBuildConfiguration;
			buildSettings = {
				ALWAYS_SEARCH_USER_PATHS = NO;
				CLANG_ANALYZER_NONNULL = YES;
				CLANG_ANALYZER_NUMBER_OBJECT_CONVERSION = YES_AGGRESSIVE;
				CLANG_CXX_LANGUAGE_STANDARD = "gnu++20";
				CLANG_ENABLE_MODULES = YES;
				CLANG_ENABLE_OBJC_ARC = YES;
				CLANG_ENABLE_OBJC_WEAK = YES;
				CLANG_WARN_BLOCK_CAPTURE_AUTORELEASING = YES;
				CLANG_WARN_BOOL_CONVERSION = YES;
				CLANG_WARN_COMMA = YES;
				CLANG_WARN_CONSTANT_CONVERSION = YES;
				CLANG_WARN_DEPRECATED_OBJC_IMPLEMENTATIONS = YES;
				CLANG_WARN_DIRECT_OBJC_ISA_USAGE = YES_ERROR;
				CLANG_WARN_DOCUMENTATION_COMMENTS = YES;
				CLANG_WARN_EMPTY_BODY = YES;
				CLANG_WARN_ENUM_CONVERSION = YES;
				CLANG_WARN_INFINITE_RECURSION = YES;
				CLANG_WARN_INT_CONVERSION = YES;
				CLANG_WARN_NON_LITERAL_NULL_CONVERSION = YES;
				CLANG_WARN_OBJC_IMPLICIT_RETAIN_SELF = YES;
				CLANG_WARN_OBJC_LITERAL_CONVERSION = YES;
				CLANG_WARN_OBJC_ROOT_CLASS = YES_ERROR;
				CLANG_WARN_QUOTED_INCLUDE_IN_FRAMEWORK_HEADER = YES;
				CLANG_WARN_RANGE_LOOP_ANALYSIS = YES;
				CLANG_WARN_STRICT_PROTOTYPES = YES;
				CLANG_WARN_SUSPICIOUS_MOVE = YES;
				CLANG_WARN_UNGUARDED_AVAILABILITY = YES_AGGRESSIVE;
				CLANG_WARN_UNREACHABLE_CODE = YES;
				CLANG_WARN__DUPLICATE_METHOD_MATCH = YES;
				COPY_PHASE_STRIP = NO;
				DEBUG_INFORMATION_FORMAT = dwarf;
				ENABLE_STRICT_OBJC_MSGSEND = YES;
				ENABLE_TESTABILITY = YES;
				GCC_C_LANGUAGE_STANDARD = gnu11;
				GCC_DYNAMIC_NO_PIC = NO;
				GCC_NO_COMMON_BLOCKS = YES;
				GCC_OPTIMIZATION_LEVEL = 0;
				GCC_PREPROCESSOR_DEFINITIONS = (
					"DEBUG=1",
					"$(inherited)",
				);
				GCC_WARN_64_TO_32_BIT_CONVERSION = YES;
				GCC_WARN_ABOUT_RETURN_TYPE = YES_ERROR;
				GCC_WARN_UNDECLARED_SELECTOR = YES;
				GCC_WARN_UNINITIALIZED_AUTOS = YES_AGGRESSIVE;
				GCC_WARN_UNUSED_FUNCTION = YES;
				GCC_WARN_UNUSED_VARIABLE = YES;
				IPHONEOS_DEPLOYMENT_TARGET = 16.4;
				MTL_ENABLE_DEBUG_INFO = INCLUDE_SOURCE;
				MTL_FAST_MATH = YES;
				ONLY_ACTIVE_ARCH = YES;
				SDKROOT = iphoneos;
				SWIFT_ACTIVE_COMPILATION_CONDITIONS = DEBUG;
				SWIFT_OPTIMIZATION_LEVEL = "-Onone";
			};
			name = Debug;
		};
		634C43762A17DD8E009E46ED /* Release */ = {
			isa = XCBuildConfiguration;
			buildSettings = {
				ALWAYS_SEARCH_USER_PATHS = NO;
				CLANG_ANALYZER_NONNULL = YES;
				CLANG_ANALYZER_NUMBER_OBJECT_CONVERSION = YES_AGGRESSIVE;
				CLANG_CXX_LANGUAGE_STANDARD = "gnu++20";
				CLANG_ENABLE_MODULES = YES;
				CLANG_ENABLE_OBJC_ARC = YES;
				CLANG_ENABLE_OBJC_WEAK = YES;
				CLANG_WARN_BLOCK_CAPTURE_AUTORELEASING = YES;
				CLANG_WARN_BOOL_CONVERSION = YES;
				CLANG_WARN_COMMA = YES;
				CLANG_WARN_CONSTANT_CONVERSION = YES;
				CLANG_WARN_DEPRECATED_OBJC_IMPLEMENTATIONS = YES;
				CLANG_WARN_DIRECT_OBJC_ISA_USAGE = YES_ERROR;
				CLANG_WARN_DOCUMENTATION_COMMENTS = YES;
				CLANG_WARN_EMPTY_BODY = YES;
				CLANG_WARN_ENUM_CONVERSION = YES;
				CLANG_WARN_INFINITE_RECURSION = YES;
				CLANG_WARN_INT_CONVERSION = YES;
				CLANG_WARN_NON_LITERAL_NULL_CONVERSION = YES;
				CLANG_WARN_OBJC_IMPLICIT_RETAIN_SELF = YES;
				CLANG_WARN_OBJC_LITERAL_CONVERSION = YES;
				CLANG_WARN_OBJC_ROOT_CLASS = YES_ERROR;
				CLANG_WARN_QUOTED_INCLUDE_IN_FRAMEWORK_HEADER = YES;
				CLANG_WARN_RANGE_LOOP_ANALYSIS = YES;
				CLANG_WARN_STRICT_PROTOTYPES = YES;
				CLANG_WARN_SUSPICIOUS_MOVE = YES;
				CLANG_WARN_UNGUARDED_AVAILABILITY = YES_AGGRESSIVE;
				CLANG_WARN_UNREACHABLE_CODE = YES;
				CLANG_WARN__DUPLICATE_METHOD_MATCH = YES;
				COPY_PHASE_STRIP = NO;
				DEBUG_INFORMATION_FORMAT = "dwarf-with-dsym";
				ENABLE_NS_ASSERTIONS = NO;
				ENABLE_STRICT_OBJC_MSGSEND = YES;
				GCC_C_LANGUAGE_STANDARD = gnu11;
				GCC_NO_COMMON_BLOCKS = YES;
				GCC_WARN_64_TO_32_BIT_CONVERSION = YES;
				GCC_WARN_ABOUT_RETURN_TYPE = YES_ERROR;
				GCC_WARN_UNDECLARED_SELECTOR = YES;
				GCC_WARN_UNINITIALIZED_AUTOS = YES_AGGRESSIVE;
				GCC_WARN_UNUSED_FUNCTION = YES;
				GCC_WARN_UNUSED_VARIABLE = YES;
				IPHONEOS_DEPLOYMENT_TARGET = 16.4;
				MTL_ENABLE_DEBUG_INFO = NO;
				MTL_FAST_MATH = YES;
				SDKROOT = iphoneos;
				SWIFT_COMPILATION_MODE = wholemodule;
				SWIFT_OPTIMIZATION_LEVEL = "-O";
				VALIDATE_PRODUCT = YES;
			};
			name = Release;
		};
		634C43782A17DD8E009E46ED /* Debug */ = {
			isa = XCBuildConfiguration;
			buildSettings = {
				ASSETCATALOG_COMPILER_APPICON_NAME = AppIcon;
				ASSETCATALOG_COMPILER_GLOBAL_ACCENT_COLOR_NAME = AccentColor;
				CODE_SIGN_STYLE = Automatic;
				CURRENT_PROJECT_VERSION = 1;
				DEVELOPMENT_TEAM = B34M97ZY6W;
				GENERATE_INFOPLIST_FILE = YES;
				INFOPLIST_FILE = BankeyApp/Info.plist;
				INFOPLIST_KEY_UIApplicationSupportsIndirectInputEvents = YES;
				INFOPLIST_KEY_UILaunchStoryboardName = LaunchScreen;
				INFOPLIST_KEY_UISupportedInterfaceOrientations_iPad = "UIInterfaceOrientationPortrait UIInterfaceOrientationPortraitUpsideDown UIInterfaceOrientationLandscapeLeft UIInterfaceOrientationLandscapeRight";
				INFOPLIST_KEY_UISupportedInterfaceOrientations_iPhone = "UIInterfaceOrientationPortrait UIInterfaceOrientationLandscapeLeft UIInterfaceOrientationLandscapeRight";
				IPHONEOS_DEPLOYMENT_TARGET = 15.0;
				LD_RUNPATH_SEARCH_PATHS = (
					"$(inherited)",
					"@executable_path/Frameworks",
				);
				MARKETING_VERSION = 1.0;
				PRODUCT_BUNDLE_IDENTIFIER = foranewlife.BankeyApp;
				PRODUCT_NAME = "$(TARGET_NAME)";
				SWIFT_EMIT_LOC_STRINGS = YES;
				SWIFT_VERSION = 5.0;
				TARGETED_DEVICE_FAMILY = "1,2";
			};
			name = Debug;
		};
		634C43792A17DD8E009E46ED /* Release */ = {
			isa = XCBuildConfiguration;
			buildSettings = {
				ASSETCATALOG_COMPILER_APPICON_NAME = AppIcon;
				ASSETCATALOG_COMPILER_GLOBAL_ACCENT_COLOR_NAME = AccentColor;
				CODE_SIGN_STYLE = Automatic;
				CURRENT_PROJECT_VERSION = 1;
				DEVELOPMENT_TEAM = B34M97ZY6W;
				GENERATE_INFOPLIST_FILE = YES;
				INFOPLIST_FILE = BankeyApp/Info.plist;
				INFOPLIST_KEY_UIApplicationSupportsIndirectInputEvents = YES;
				INFOPLIST_KEY_UILaunchStoryboardName = LaunchScreen;
				INFOPLIST_KEY_UISupportedInterfaceOrientations_iPad = "UIInterfaceOrientationPortrait UIInterfaceOrientationPortraitUpsideDown UIInterfaceOrientationLandscapeLeft UIInterfaceOrientationLandscapeRight";
				INFOPLIST_KEY_UISupportedInterfaceOrientations_iPhone = "UIInterfaceOrientationPortrait UIInterfaceOrientationLandscapeLeft UIInterfaceOrientationLandscapeRight";
				IPHONEOS_DEPLOYMENT_TARGET = 15.0;
				LD_RUNPATH_SEARCH_PATHS = (
					"$(inherited)",
					"@executable_path/Frameworks",
				);
				MARKETING_VERSION = 1.0;
				PRODUCT_BUNDLE_IDENTIFIER = foranewlife.BankeyApp;
				PRODUCT_NAME = "$(TARGET_NAME)";
				SWIFT_EMIT_LOC_STRINGS = YES;
				SWIFT_VERSION = 5.0;
				TARGETED_DEVICE_FAMILY = "1,2";
			};
			name = Release;
		};
/* End XCBuildConfiguration section */

/* Begin XCConfigurationList section */
		634C435E2A17DD8D009E46ED /* Build configuration list for PBXProject "BankeyApp" */ = {
			isa = XCConfigurationList;
			buildConfigurations = (
				634C43752A17DD8E009E46ED /* Debug */,
				634C43762A17DD8E009E46ED /* Release */,
			);
			defaultConfigurationIsVisible = 0;
			defaultConfigurationName = Release;
		};
		634C43772A17DD8E009E46ED /* Build configuration list for PBXNativeTarget "BankeyApp" */ = {
			isa = XCConfigurationList;
			buildConfigurations = (
				634C43782A17DD8E009E46ED /* Debug */,
				634C43792A17DD8E009E46ED /* Release */,
			);
			defaultConfigurationIsVisible = 0;
			defaultConfigurationName = Release;
		};
/* End XCConfigurationList section */
	};
	rootObject = 634C435B2A17DD8D009E46ED /* Project object */;
}
